// !$*UTF8*$!
{
	archiveVersion = 1;
	classes = {
	};
	objectVersion = 48;
	objects = {

/* Begin PBXBuildFile section */
		7702A0881E25A87600EE6687 /* BMLTNAMeetingSearchPrefs.swift in Sources */ = {isa = PBXBuildFile; fileRef = 77C4D8871E24494E00CE6783 /* BMLTNAMeetingSearchPrefs.swift */; };
		770780B41DF86B6100D339D6 /* BMLTNAMeetingSearchAppDelegate.swift in Sources */ = {isa = PBXBuildFile; fileRef = 770780B31DF86B6100D339D6 /* BMLTNAMeetingSearchAppDelegate.swift */; };
		770780B61DF86B6100D339D6 /* BMLTNAMeetingSearchInitialViewController.swift in Sources */ = {isa = PBXBuildFile; fileRef = 770780B51DF86B6100D339D6 /* BMLTNAMeetingSearchInitialViewController.swift */; };
		7750A16D1E281AB600A0CE62 /* BMLTNAMeetingSearchMarker.swift in Sources */ = {isa = PBXBuildFile; fileRef = 7750A16C1E281AB600A0CE62 /* BMLTNAMeetingSearchMarker.swift */; };
		77556CF01E2BD30200C1E69B /* BMLTNAMeetingSearchDirectionsViewController.swift in Sources */ = {isa = PBXBuildFile; fileRef = 77556CEF1E2BD30200C1E69B /* BMLTNAMeetingSearchDirectionsViewController.swift */; };
		77A5E96C1E2529D500266BC6 /* BMLTNAMeetingSearchAnimatedButtonView.swift in Sources */ = {isa = PBXBuildFile; fileRef = 77A5E96B1E2529D500266BC6 /* BMLTNAMeetingSearchAnimatedButtonView.swift */; };
		77AEDD301E26D51900F27EB4 /* BMLTNAMeetingSearchSettingsViewController.swift in Sources */ = {isa = PBXBuildFile; fileRef = 77AEDD2F1E26D51900F27EB4 /* BMLTNAMeetingSearchSettingsViewController.swift */; };
		77D3D3511E30F192001FD28A /* Assets.xcassets in Resources */ = {isa = PBXBuildFile; fileRef = 77D3D3441E30F192001FD28A /* Assets.xcassets */; };
		77D3D3561E30F192001FD28A /* Default-568h@2x.png in Resources */ = {isa = PBXBuildFile; fileRef = 77D3D34D1E30F192001FD28A /* Default-568h@2x.png */; };
		77D3D3621E30F208001FD28A /* BMLTNAMeetingSearchLaunchScreen.storyboard in Resources */ = {isa = PBXBuildFile; fileRef = 77D3D35C1E30F208001FD28A /* BMLTNAMeetingSearchLaunchScreen.storyboard */; };
		77D3D3631E30F208001FD28A /* BMLTNAMeetingSearchMain.storyboard in Resources */ = {isa = PBXBuildFile; fileRef = 77D3D35E1E30F208001FD28A /* BMLTNAMeetingSearchMain.storyboard */; };
		77D3D3641E30F208001FD28A /* BMLTNAMeetingSearchResultsTableCell.xib in Resources */ = {isa = PBXBuildFile; fileRef = 77D3D3601E30F208001FD28A /* BMLTNAMeetingSearchResultsTableCell.xib */; };
		77D3D3671E30F221001FD28A /* Localizable.strings in Resources */ = {isa = PBXBuildFile; fileRef = 77D3D3691E30F221001FD28A /* Localizable.strings */; };
		77D692861E267FF700785840 /* BMLTNAMeetingSearchResultViewController.swift in Sources */ = {isa = PBXBuildFile; fileRef = 77D692851E267FF700785840 /* BMLTNAMeetingSearchResultViewController.swift */; };
		77E92E081E2912C100BBB961 /* BMLTNAMeetingSearchAddressViewController.swift in Sources */ = {isa = PBXBuildFile; fileRef = 77E92E071E2912C100BBB961 /* BMLTNAMeetingSearchAddressViewController.swift */; };
		77EB4BE31E2A5A3900E8D283 /* BMLTNAMeetingSearchAboutViewController.swift in Sources */ = {isa = PBXBuildFile; fileRef = 77EB4BE21E2A5A3900E8D283 /* BMLTNAMeetingSearchAboutViewController.swift */; };
		CFFE9CC3C98D6F51D164F0C7 /* Pods_Quick_NA_Meeting_Finder.framework in Frameworks */ = {isa = PBXBuildFile; fileRef = F38629FA9C4BF709997FFF1C /* Pods_Quick_NA_Meeting_Finder.framework */; };
/* End PBXBuildFile section */

/* Begin PBXCopyFilesBuildPhase section */
		770B04F11F3CB6BA009F0A7C /* Embed BMLTiOSLib */ = {
			isa = PBXCopyFilesBuildPhase;
			buildActionMask = 2147483647;
			dstPath = "";
			dstSubfolderSpec = 10;
			files = (
			);
			name = "Embed BMLTiOSLib";
			runOnlyForDeploymentPostprocessing = 0;
		};
/* End PBXCopyFilesBuildPhase section */

/* Begin PBXFileReference section */
		6C7D4AD57EDDE14B9EFAC938 /* Pods-Quick NA Meeting Finder.debug.xcconfig */ = {isa = PBXFileReference; includeInIndex = 1; lastKnownFileType = text.xcconfig; name = "Pods-Quick NA Meeting Finder.debug.xcconfig"; path = "Pods/Target Support Files/Pods-Quick NA Meeting Finder/Pods-Quick NA Meeting Finder.debug.xcconfig"; sourceTree = "<group>"; };
		770780B01DF86B6100D339D6 /* Quick NA Meeting Finder.app */ = {isa = PBXFileReference; explicitFileType = wrapper.application; includeInIndex = 0; path = "Quick NA Meeting Finder.app"; sourceTree = BUILT_PRODUCTS_DIR; };
		770780B31DF86B6100D339D6 /* BMLTNAMeetingSearchAppDelegate.swift */ = {isa = PBXFileReference; lastKnownFileType = sourcecode.swift; path = BMLTNAMeetingSearchAppDelegate.swift; sourceTree = "<group>"; };
		770780B51DF86B6100D339D6 /* BMLTNAMeetingSearchInitialViewController.swift */ = {isa = PBXFileReference; lastKnownFileType = sourcecode.swift; path = BMLTNAMeetingSearchInitialViewController.swift; sourceTree = "<group>"; };
		7750A16C1E281AB600A0CE62 /* BMLTNAMeetingSearchMarker.swift */ = {isa = PBXFileReference; fileEncoding = 4; lastKnownFileType = sourcecode.swift; path = BMLTNAMeetingSearchMarker.swift; sourceTree = "<group>"; };
		77556CEF1E2BD30200C1E69B /* BMLTNAMeetingSearchDirectionsViewController.swift */ = {isa = PBXFileReference; fileEncoding = 4; lastKnownFileType = sourcecode.swift; path = BMLTNAMeetingSearchDirectionsViewController.swift; sourceTree = "<group>"; };
		775EDFC11E9A6C6E007B7DE6 /* NorthportNY.gpx */ = {isa = PBXFileReference; lastKnownFileType = text.xml; path = NorthportNY.gpx; sourceTree = "<group>"; };
		777884BC1E83E016004D4F09 /* SanDiegoCA.gpx */ = {isa = PBXFileReference; lastKnownFileType = text.xml; path = SanDiegoCA.gpx; sourceTree = "<group>"; };
		77A5E96B1E2529D500266BC6 /* BMLTNAMeetingSearchAnimatedButtonView.swift */ = {isa = PBXFileReference; fileEncoding = 4; lastKnownFileType = sourcecode.swift; path = BMLTNAMeetingSearchAnimatedButtonView.swift; sourceTree = "<group>"; };
		77AEDD2F1E26D51900F27EB4 /* BMLTNAMeetingSearchSettingsViewController.swift */ = {isa = PBXFileReference; fileEncoding = 4; lastKnownFileType = sourcecode.swift; path = BMLTNAMeetingSearchSettingsViewController.swift; sourceTree = "<group>"; };
		77AF47FA1E7EB92D00230F74 /* global.geojson */ = {isa = PBXFileReference; lastKnownFileType = text; path = global.geojson; sourceTree = "<group>"; };
		77C4D8871E24494E00CE6783 /* BMLTNAMeetingSearchPrefs.swift */ = {isa = PBXFileReference; fileEncoding = 4; lastKnownFileType = sourcecode.swift; path = BMLTNAMeetingSearchPrefs.swift; sourceTree = "<group>"; };
		77CA577B1E82917300FA439B /* Dublin.gpx */ = {isa = PBXFileReference; lastKnownFileType = text.xml; path = Dublin.gpx; sourceTree = "<group>"; };
		77D04FF21E9BE15400531ADC /* RichmondVA.gpx */ = {isa = PBXFileReference; lastKnownFileType = text.xml; path = RichmondVA.gpx; sourceTree = "<group>"; };
		77D3D3441E30F192001FD28A /* Assets.xcassets */ = {isa = PBXFileReference; lastKnownFileType = folder.assetcatalog; path = Assets.xcassets; sourceTree = "<group>"; };
		77D3D34D1E30F192001FD28A /* Default-568h@2x.png */ = {isa = PBXFileReference; lastKnownFileType = image.png; path = "Default-568h@2x.png"; sourceTree = "<group>"; };
		77D3D34E1E30F192001FD28A /* HuntingtonNY.gpx */ = {isa = PBXFileReference; fileEncoding = 4; lastKnownFileType = text.xml; path = HuntingtonNY.gpx; sourceTree = "<group>"; };
		77D3D34F1E30F192001FD28A /* Info.plist */ = {isa = PBXFileReference; fileEncoding = 4; lastKnownFileType = text.plist.xml; path = Info.plist; sourceTree = "<group>"; };
		77D3D35D1E30F208001FD28A /* Base */ = {isa = PBXFileReference; lastKnownFileType = file.storyboard; name = Base; path = BMLTNAMeetingSearchLaunchScreen.storyboard; sourceTree = "<group>"; };
		77D3D35F1E30F208001FD28A /* Base */ = {isa = PBXFileReference; lastKnownFileType = file.storyboard; name = Base; path = BMLTNAMeetingSearchMain.storyboard; sourceTree = "<group>"; };
		77D3D3611E30F208001FD28A /* Base */ = {isa = PBXFileReference; lastKnownFileType = file.xib; name = Base; path = BMLTNAMeetingSearchResultsTableCell.xib; sourceTree = "<group>"; };
		77D3D3681E30F221001FD28A /* Base */ = {isa = PBXFileReference; lastKnownFileType = text.plist.strings; name = Base; path = Base.lproj/Localizable.strings; sourceTree = "<group>"; };
		77D692851E267FF700785840 /* BMLTNAMeetingSearchResultViewController.swift */ = {isa = PBXFileReference; fileEncoding = 4; lastKnownFileType = sourcecode.swift; path = BMLTNAMeetingSearchResultViewController.swift; sourceTree = "<group>"; };
		77E92E071E2912C100BBB961 /* BMLTNAMeetingSearchAddressViewController.swift */ = {isa = PBXFileReference; fileEncoding = 4; lastKnownFileType = sourcecode.swift; path = BMLTNAMeetingSearchAddressViewController.swift; sourceTree = "<group>"; };
		77EB4BE21E2A5A3900E8D283 /* BMLTNAMeetingSearchAboutViewController.swift */ = {isa = PBXFileReference; fileEncoding = 4; lastKnownFileType = sourcecode.swift; path = BMLTNAMeetingSearchAboutViewController.swift; sourceTree = "<group>"; };
		AD66FE3C0AA50D09700337D7 /* Pods-Quick NA Meeting Finder.release.xcconfig */ = {isa = PBXFileReference; includeInIndex = 1; lastKnownFileType = text.xcconfig; name = "Pods-Quick NA Meeting Finder.release.xcconfig"; path = "Pods/Target Support Files/Pods-Quick NA Meeting Finder/Pods-Quick NA Meeting Finder.release.xcconfig"; sourceTree = "<group>"; };
		F38629FA9C4BF709997FFF1C /* Pods_Quick_NA_Meeting_Finder.framework */ = {isa = PBXFileReference; explicitFileType = wrapper.framework; includeInIndex = 0; path = Pods_Quick_NA_Meeting_Finder.framework; sourceTree = BUILT_PRODUCTS_DIR; };
/* End PBXFileReference section */

/* Begin PBXFrameworksBuildPhase section */
		770780AD1DF86B6100D339D6 /* Frameworks */ = {
			isa = PBXFrameworksBuildPhase;
			buildActionMask = 2147483647;
			files = (
				CFFE9CC3C98D6F51D164F0C7 /* Pods_Quick_NA_Meeting_Finder.framework in Frameworks */,
			);
			runOnlyForDeploymentPostprocessing = 0;
		};
/* End PBXFrameworksBuildPhase section */

/* Begin PBXGroup section */
		770780A71DF86B6100D339D6 = {
			isa = PBXGroup;
			children = (
				770780B21DF86B6100D339D6 /* Main Application */,
				772137E71DF882AE00EFCFE5 /* Resources and Extra */,
				770780B11DF86B6100D339D6 /* Products */,
				77C5F0D91E2B303000A4F205 /* Frameworks */,
				FAC4BB902F6030CFB78F44DD /* Pods */,
			);
			sourceTree = "<group>";
		};
		770780B11DF86B6100D339D6 /* Products */ = {
			isa = PBXGroup;
			children = (
				770780B01DF86B6100D339D6 /* Quick NA Meeting Finder.app */,
			);
			name = Products;
			sourceTree = "<group>";
		};
		770780B21DF86B6100D339D6 /* Main Application */ = {
			isa = PBXGroup;
			children = (
				770780B31DF86B6100D339D6 /* BMLTNAMeetingSearchAppDelegate.swift */,
				770780B51DF86B6100D339D6 /* BMLTNAMeetingSearchInitialViewController.swift */,
				77D692851E267FF700785840 /* BMLTNAMeetingSearchResultViewController.swift */,
				77E92E071E2912C100BBB961 /* BMLTNAMeetingSearchAddressViewController.swift */,
				77556CEF1E2BD30200C1E69B /* BMLTNAMeetingSearchDirectionsViewController.swift */,
				77AEDD2F1E26D51900F27EB4 /* BMLTNAMeetingSearchSettingsViewController.swift */,
				77EB4BE21E2A5A3900E8D283 /* BMLTNAMeetingSearchAboutViewController.swift */,
				772E01B81E256ECC00E69FB0 /* Special Purpose Classes */,
			);
			name = "Main Application";
			path = "NA Meeting Search";
			sourceTree = "<group>";
		};
		772137E71DF882AE00EFCFE5 /* Resources and Extra */ = {
			isa = PBXGroup;
			children = (
				77D3D35A1E30F1C1001FD28A /* Baseline */,
				77D3D3431E30F192001FD28A /* Main Variant */,
			);
			name = "Resources and Extra";
			path = "NA Meeting Search";
			sourceTree = "<group>";
		};
		772E01B81E256ECC00E69FB0 /* Special Purpose Classes */ = {
			isa = PBXGroup;
			children = (
				77C4D8871E24494E00CE6783 /* BMLTNAMeetingSearchPrefs.swift */,
				77A5E96B1E2529D500266BC6 /* BMLTNAMeetingSearchAnimatedButtonView.swift */,
				7750A16C1E281AB600A0CE62 /* BMLTNAMeetingSearchMarker.swift */,
			);
			name = "Special Purpose Classes";
			sourceTree = "<group>";
		};
		77C5F0D91E2B303000A4F205 /* Frameworks */ = {
			isa = PBXGroup;
			children = (
				F38629FA9C4BF709997FFF1C /* Pods_Quick_NA_Meeting_Finder.framework */,
			);
			name = Frameworks;
			sourceTree = "<group>";
		};
		77D3D3431E30F192001FD28A /* Main Variant */ = {
			isa = PBXGroup;
			children = (
				77D3D3691E30F221001FD28A /* Localizable.strings */,
				77D3D3441E30F192001FD28A /* Assets.xcassets */,
				77D3D34D1E30F192001FD28A /* Default-568h@2x.png */,
				77D3D34F1E30F192001FD28A /* Info.plist */,
				77AF47FA1E7EB92D00230F74 /* global.geojson */,
				77D3D34E1E30F192001FD28A /* HuntingtonNY.gpx */,
				775EDFC11E9A6C6E007B7DE6 /* NorthportNY.gpx */,
				77CA577B1E82917300FA439B /* Dublin.gpx */,
				77D04FF21E9BE15400531ADC /* RichmondVA.gpx */,
				777884BC1E83E016004D4F09 /* SanDiegoCA.gpx */,
			);
			name = "Main Variant";
			path = "NY Variant";
			sourceTree = SOURCE_ROOT;
		};
		77D3D35A1E30F1C1001FD28A /* Baseline */ = {
			isa = PBXGroup;
			children = (
				77D3D35C1E30F208001FD28A /* BMLTNAMeetingSearchLaunchScreen.storyboard */,
				77D3D35E1E30F208001FD28A /* BMLTNAMeetingSearchMain.storyboard */,
				77D3D3601E30F208001FD28A /* BMLTNAMeetingSearchResultsTableCell.xib */,
			);
			name = Baseline;
			sourceTree = "<group>";
		};
		FAC4BB902F6030CFB78F44DD /* Pods */ = {
			isa = PBXGroup;
			children = (
				6C7D4AD57EDDE14B9EFAC938 /* Pods-Quick NA Meeting Finder.debug.xcconfig */,
				AD66FE3C0AA50D09700337D7 /* Pods-Quick NA Meeting Finder.release.xcconfig */,
			);
			name = Pods;
			sourceTree = "<group>";
		};
/* End PBXGroup section */

/* Begin PBXNativeTarget section */
		770780AF1DF86B6100D339D6 /* Quick NA Meeting Finder */ = {
			isa = PBXNativeTarget;
			buildConfigurationList = 770780C21DF86B6100D339D6 /* Build configuration list for PBXNativeTarget "Quick NA Meeting Finder" */;
			buildPhases = (
				C3274847EC85A7E5A54E2932 /* [CP] Check Pods Manifest.lock */,
				778F41CA1FE01101005682E8 /* SwiftLint */,
				770780AC1DF86B6100D339D6 /* Sources */,
				770780AD1DF86B6100D339D6 /* Frameworks */,
				770780AE1DF86B6100D339D6 /* Resources */,
				770B04F11F3CB6BA009F0A7C /* Embed BMLTiOSLib */,
				C480F5F3C9E9C8DCCA8ED7ED /* [CP] Embed Pods Frameworks */,
				F16821F19ED50504D8B771DF /* [CP] Copy Pods Resources */,
			);
			buildRules = (
			);
			dependencies = (
			);
			name = "Quick NA Meeting Finder";
			productName = "NA Meeting Search";
			productReference = 770780B01DF86B6100D339D6 /* Quick NA Meeting Finder.app */;
			productType = "com.apple.product-type.application";
		};
/* End PBXNativeTarget section */

/* Begin PBXProject section */
		770780A81DF86B6100D339D6 /* Project object */ = {
			isa = PBXProject;
			attributes = {
				LastSwiftUpdateCheck = 0810;
				LastUpgradeCheck = 0900;
				ORGANIZATIONNAME = MAGSHARE;
				TargetAttributes = {
					770780AF1DF86B6100D339D6 = {
						CreatedOnToolsVersion = 8.1;
						ProvisioningStyle = Automatic;
						SystemCapabilities = {
							com.apple.Maps.iOS = {
								enabled = 1;
							};
						};
					};
				};
			};
			buildConfigurationList = 770780AB1DF86B6100D339D6 /* Build configuration list for PBXProject "BMLT NA Meeting Finder" */;
			compatibilityVersion = "Xcode 8.0";
			developmentRegion = English;
			hasScannedForEncodings = 0;
			knownRegions = (
				en,
				Base,
				fr,
			);
			mainGroup = 770780A71DF86B6100D339D6;
			productRefGroup = 770780B11DF86B6100D339D6 /* Products */;
			projectDirPath = "";
			projectRoot = "";
			targets = (
				770780AF1DF86B6100D339D6 /* Quick NA Meeting Finder */,
			);
		};
/* End PBXProject section */

/* Begin PBXResourcesBuildPhase section */
		770780AE1DF86B6100D339D6 /* Resources */ = {
			isa = PBXResourcesBuildPhase;
			buildActionMask = 2147483647;
			files = (
				77D3D3561E30F192001FD28A /* Default-568h@2x.png in Resources */,
				77D3D3621E30F208001FD28A /* BMLTNAMeetingSearchLaunchScreen.storyboard in Resources */,
				77D3D3511E30F192001FD28A /* Assets.xcassets in Resources */,
				77D3D3671E30F221001FD28A /* Localizable.strings in Resources */,
				77D3D3631E30F208001FD28A /* BMLTNAMeetingSearchMain.storyboard in Resources */,
				77D3D3641E30F208001FD28A /* BMLTNAMeetingSearchResultsTableCell.xib in Resources */,
			);
			runOnlyForDeploymentPostprocessing = 0;
		};
/* End PBXResourcesBuildPhase section */

/* Begin PBXShellScriptBuildPhase section */
		778F41CA1FE01101005682E8 /* SwiftLint */ = {
			isa = PBXShellScriptBuildPhase;
			buildActionMask = 2147483647;
			files = (
			);
			inputPaths = (
			);
			name = SwiftLint;
			outputPaths = (
			);
			runOnlyForDeploymentPostprocessing = 0;
			shellPath = /bin/sh;
			shellScript = "\"${PROJECT_DIR}/Pods/SwiftLint/swiftlint\"\n";
		};
		C3274847EC85A7E5A54E2932 /* [CP] Check Pods Manifest.lock */ = {
			isa = PBXShellScriptBuildPhase;
			buildActionMask = 2147483647;
			files = (
			);
			inputPaths = (
				"${PODS_PODFILE_DIR_PATH}/Podfile.lock",
				"${PODS_ROOT}/Manifest.lock",
			);
			name = "[CP] Check Pods Manifest.lock";
			outputPaths = (
				"$(DERIVED_FILE_DIR)/Pods-Quick NA Meeting Finder-checkManifestLockResult.txt",
			);
			runOnlyForDeploymentPostprocessing = 0;
			shellPath = /bin/sh;
			shellScript = "diff \"${PODS_PODFILE_DIR_PATH}/Podfile.lock\" \"${PODS_ROOT}/Manifest.lock\" > /dev/null\nif [ $? != 0 ] ; then\n    # print error to STDERR\n    echo \"error: The sandbox is not in sync with the Podfile.lock. Run 'pod install' or update your CocoaPods installation.\" >&2\n    exit 1\nfi\n# This output is used by Xcode 'outputs' to avoid re-running this script phase.\necho \"SUCCESS\" > \"${SCRIPT_OUTPUT_FILE_0}\"\n";
			showEnvVarsInLog = 0;
		};
		C480F5F3C9E9C8DCCA8ED7ED /* [CP] Embed Pods Frameworks */ = {
			isa = PBXShellScriptBuildPhase;
			buildActionMask = 2147483647;
			files = (
			);
			inputPaths = (
				"${SRCROOT}/Pods/Target Support Files/Pods-Quick NA Meeting Finder/Pods-Quick NA Meeting Finder-frameworks.sh",
				"${BUILT_PRODUCTS_DIR}/BMLTiOSLib/BMLTiOSLib.framework",
				"${PODS_ROOT}/Reveal-SDK/RevealServer-13/iOS/RevealServer.framework",
			);
			name = "[CP] Embed Pods Frameworks";
			outputPaths = (
				"${TARGET_BUILD_DIR}/${FRAMEWORKS_FOLDER_PATH}/BMLTiOSLib.framework",
				"${TARGET_BUILD_DIR}/${FRAMEWORKS_FOLDER_PATH}/RevealServer.framework",
			);
			runOnlyForDeploymentPostprocessing = 0;
			shellPath = /bin/sh;
			shellScript = "\"${SRCROOT}/Pods/Target Support Files/Pods-Quick NA Meeting Finder/Pods-Quick NA Meeting Finder-frameworks.sh\"\n";
			showEnvVarsInLog = 0;
		};
		F16821F19ED50504D8B771DF /* [CP] Copy Pods Resources */ = {
			isa = PBXShellScriptBuildPhase;
			buildActionMask = 2147483647;
			files = (
			);
			inputPaths = (
			);
			name = "[CP] Copy Pods Resources";
			outputPaths = (
			);
			runOnlyForDeploymentPostprocessing = 0;
			shellPath = /bin/sh;
			shellScript = "\"${SRCROOT}/Pods/Target Support Files/Pods-Quick NA Meeting Finder/Pods-Quick NA Meeting Finder-resources.sh\"\n";
			showEnvVarsInLog = 0;
		};
/* End PBXShellScriptBuildPhase section */

/* Begin PBXSourcesBuildPhase section */
		770780AC1DF86B6100D339D6 /* Sources */ = {
			isa = PBXSourcesBuildPhase;
			buildActionMask = 2147483647;
			files = (
				77A5E96C1E2529D500266BC6 /* BMLTNAMeetingSearchAnimatedButtonView.swift in Sources */,
				7750A16D1E281AB600A0CE62 /* BMLTNAMeetingSearchMarker.swift in Sources */,
				77556CF01E2BD30200C1E69B /* BMLTNAMeetingSearchDirectionsViewController.swift in Sources */,
				77EB4BE31E2A5A3900E8D283 /* BMLTNAMeetingSearchAboutViewController.swift in Sources */,
				77D692861E267FF700785840 /* BMLTNAMeetingSearchResultViewController.swift in Sources */,
				77E92E081E2912C100BBB961 /* BMLTNAMeetingSearchAddressViewController.swift in Sources */,
				770780B61DF86B6100D339D6 /* BMLTNAMeetingSearchInitialViewController.swift in Sources */,
				77AEDD301E26D51900F27EB4 /* BMLTNAMeetingSearchSettingsViewController.swift in Sources */,
				770780B41DF86B6100D339D6 /* BMLTNAMeetingSearchAppDelegate.swift in Sources */,
				7702A0881E25A87600EE6687 /* BMLTNAMeetingSearchPrefs.swift in Sources */,
			);
			runOnlyForDeploymentPostprocessing = 0;
		};
/* End PBXSourcesBuildPhase section */

/* Begin PBXVariantGroup section */
		77D3D35C1E30F208001FD28A /* BMLTNAMeetingSearchLaunchScreen.storyboard */ = {
			isa = PBXVariantGroup;
			children = (
				77D3D35D1E30F208001FD28A /* Base */,
			);
			name = BMLTNAMeetingSearchLaunchScreen.storyboard;
			path = Base.lproj;
			sourceTree = "<group>";
		};
		77D3D35E1E30F208001FD28A /* BMLTNAMeetingSearchMain.storyboard */ = {
			isa = PBXVariantGroup;
			children = (
				77D3D35F1E30F208001FD28A /* Base */,
			);
			name = BMLTNAMeetingSearchMain.storyboard;
			path = Base.lproj;
			sourceTree = "<group>";
		};
		77D3D3601E30F208001FD28A /* BMLTNAMeetingSearchResultsTableCell.xib */ = {
			isa = PBXVariantGroup;
			children = (
				77D3D3611E30F208001FD28A /* Base */,
			);
			name = BMLTNAMeetingSearchResultsTableCell.xib;
			path = Base.lproj;
			sourceTree = "<group>";
		};
		77D3D3691E30F221001FD28A /* Localizable.strings */ = {
			isa = PBXVariantGroup;
			children = (
				77D3D3681E30F221001FD28A /* Base */,
			);
			name = Localizable.strings;
			sourceTree = "<group>";
		};
/* End PBXVariantGroup section */

/* Begin XCBuildConfiguration section */
		770780C01DF86B6100D339D6 /* Debug */ = {
			isa = XCBuildConfiguration;
			buildSettings = {
				ALWAYS_SEARCH_USER_PATHS = NO;
				CLANG_ANALYZER_LOCALIZABILITY_NONLOCALIZED = YES;
				CLANG_ANALYZER_NONNULL = YES;
				CLANG_CXX_LANGUAGE_STANDARD = "gnu++0x";
				CLANG_CXX_LIBRARY = "libc++";
				CLANG_ENABLE_MODULES = YES;
				CLANG_ENABLE_OBJC_ARC = YES;
				CLANG_WARN_ASSIGN_ENUM = YES;
				CLANG_WARN_BLOCK_CAPTURE_AUTORELEASING = YES;
				CLANG_WARN_BOOL_CONVERSION = YES;
				CLANG_WARN_COMMA = YES;
				CLANG_WARN_CONSTANT_CONVERSION = YES;
				CLANG_WARN_DIRECT_OBJC_ISA_USAGE = YES_ERROR;
				CLANG_WARN_DOCUMENTATION_COMMENTS = YES;
				CLANG_WARN_EMPTY_BODY = YES;
				CLANG_WARN_ENUM_CONVERSION = YES;
				CLANG_WARN_INFINITE_RECURSION = YES;
				CLANG_WARN_INT_CONVERSION = YES;
				CLANG_WARN_OBJC_ROOT_CLASS = YES_ERROR;
				CLANG_WARN_RANGE_LOOP_ANALYSIS = YES;
				CLANG_WARN_STRICT_PROTOTYPES = YES;
				CLANG_WARN_SUSPICIOUS_IMPLICIT_CONVERSION = YES;
				CLANG_WARN_SUSPICIOUS_MOVE = YES;
				CLANG_WARN_SUSPICIOUS_MOVES = YES;
				CLANG_WARN_UNREACHABLE_CODE = YES;
				CLANG_WARN__DUPLICATE_METHOD_MATCH = YES;
				"CODE_SIGN_IDENTITY[sdk=iphoneos*]" = "iPhone Developer";
				COPY_PHASE_STRIP = NO;
				DEBUG_INFORMATION_FORMAT = dwarf;
				ENABLE_STRICT_OBJC_MSGSEND = YES;
				ENABLE_TESTABILITY = YES;
				GCC_C_LANGUAGE_STANDARD = gnu99;
				GCC_DYNAMIC_NO_PIC = NO;
				GCC_NO_COMMON_BLOCKS = YES;
				GCC_OPTIMIZATION_LEVEL = 0;
				GCC_PREPROCESSOR_DEFINITIONS = (
					"DEBUG=1",
					"$(inherited)",
				);
				GCC_TREAT_INCOMPATIBLE_POINTER_TYPE_WARNINGS_AS_ERRORS = YES;
				GCC_TREAT_WARNINGS_AS_ERRORS = YES;
				GCC_WARN_64_TO_32_BIT_CONVERSION = YES;
				GCC_WARN_ABOUT_MISSING_FIELD_INITIALIZERS = YES;
				GCC_WARN_ABOUT_RETURN_TYPE = YES_ERROR;
				GCC_WARN_SHADOW = YES;
				GCC_WARN_SIGN_COMPARE = YES;
				GCC_WARN_UNDECLARED_SELECTOR = YES;
				GCC_WARN_UNINITIALIZED_AUTOS = YES_AGGRESSIVE;
				GCC_WARN_UNUSED_FUNCTION = YES;
				GCC_WARN_UNUSED_VARIABLE = YES;
				IPHONEOS_DEPLOYMENT_TARGET = 10.0;
				MTL_ENABLE_DEBUG_INFO = YES;
				ONLY_ACTIVE_ARCH = YES;
				SDKROOT = iphoneos;
				SWIFT_ACTIVE_COMPILATION_CONDITIONS = DEBUG;
				SWIFT_OPTIMIZATION_LEVEL = "-Onone";
				SWIFT_SWIFT3_OBJC_INFERENCE = Off;
				SWIFT_TREAT_WARNINGS_AS_ERRORS = YES;
				SWIFT_VERSION = 4.0;
				TARGETED_DEVICE_FAMILY = "1,2";
			};
			name = Debug;
		};
		770780C11DF86B6100D339D6 /* Release */ = {
			isa = XCBuildConfiguration;
			buildSettings = {
				ALWAYS_SEARCH_USER_PATHS = NO;
				CLANG_ANALYZER_LOCALIZABILITY_NONLOCALIZED = YES;
				CLANG_ANALYZER_NONNULL = YES;
				CLANG_CXX_LANGUAGE_STANDARD = "gnu++0x";
				CLANG_CXX_LIBRARY = "libc++";
				CLANG_ENABLE_MODULES = YES;
				CLANG_ENABLE_OBJC_ARC = YES;
				CLANG_WARN_ASSIGN_ENUM = YES;
				CLANG_WARN_BLOCK_CAPTURE_AUTORELEASING = YES;
				CLANG_WARN_BOOL_CONVERSION = YES;
				CLANG_WARN_COMMA = YES;
				CLANG_WARN_CONSTANT_CONVERSION = YES;
				CLANG_WARN_DIRECT_OBJC_ISA_USAGE = YES_ERROR;
				CLANG_WARN_DOCUMENTATION_COMMENTS = YES;
				CLANG_WARN_EMPTY_BODY = YES;
				CLANG_WARN_ENUM_CONVERSION = YES;
				CLANG_WARN_INFINITE_RECURSION = YES;
				CLANG_WARN_INT_CONVERSION = YES;
				CLANG_WARN_OBJC_ROOT_CLASS = YES_ERROR;
				CLANG_WARN_RANGE_LOOP_ANALYSIS = YES;
				CLANG_WARN_STRICT_PROTOTYPES = YES;
				CLANG_WARN_SUSPICIOUS_IMPLICIT_CONVERSION = YES;
				CLANG_WARN_SUSPICIOUS_MOVE = YES;
				CLANG_WARN_SUSPICIOUS_MOVES = YES;
				CLANG_WARN_UNREACHABLE_CODE = YES;
				CLANG_WARN__DUPLICATE_METHOD_MATCH = YES;
				"CODE_SIGN_IDENTITY[sdk=iphoneos*]" = "iPhone Developer";
				COPY_PHASE_STRIP = NO;
				DEBUG_INFORMATION_FORMAT = "dwarf-with-dsym";
				ENABLE_NS_ASSERTIONS = NO;
				ENABLE_STRICT_OBJC_MSGSEND = YES;
				GCC_C_LANGUAGE_STANDARD = gnu99;
				GCC_NO_COMMON_BLOCKS = YES;
				GCC_TREAT_INCOMPATIBLE_POINTER_TYPE_WARNINGS_AS_ERRORS = YES;
				GCC_TREAT_WARNINGS_AS_ERRORS = YES;
				GCC_WARN_64_TO_32_BIT_CONVERSION = YES;
				GCC_WARN_ABOUT_MISSING_FIELD_INITIALIZERS = YES;
				GCC_WARN_ABOUT_RETURN_TYPE = YES_ERROR;
				GCC_WARN_SHADOW = YES;
				GCC_WARN_SIGN_COMPARE = YES;
				GCC_WARN_UNDECLARED_SELECTOR = YES;
				GCC_WARN_UNINITIALIZED_AUTOS = YES_AGGRESSIVE;
				GCC_WARN_UNUSED_FUNCTION = YES;
				GCC_WARN_UNUSED_VARIABLE = YES;
				IPHONEOS_DEPLOYMENT_TARGET = 10.0;
				MTL_ENABLE_DEBUG_INFO = NO;
				SDKROOT = iphoneos;
				SWIFT_OPTIMIZATION_LEVEL = "-Owholemodule";
				SWIFT_SWIFT3_OBJC_INFERENCE = Off;
				SWIFT_TREAT_WARNINGS_AS_ERRORS = YES;
				SWIFT_VERSION = 4.0;
				TARGETED_DEVICE_FAMILY = "1,2";
				VALIDATE_PRODUCT = YES;
			};
			name = Release;
		};
		770780C31DF86B6100D339D6 /* Debug */ = {
			isa = XCBuildConfiguration;
			baseConfigurationReference = 6C7D4AD57EDDE14B9EFAC938 /* Pods-Quick NA Meeting Finder.debug.xcconfig */;
			buildSettings = {
				ASSETCATALOG_COMPILER_APPICON_NAME = AppIcon;
				"CODE_SIGN_IDENTITY[sdk=iphoneos*]" = "iPhone Developer";
				CODE_SIGN_STYLE = Automatic;
				DEVELOPMENT_TEAM = P53V4JS928;
				FRAMEWORK_SEARCH_PATHS = "$(inherited)";
				GCC_TREAT_WARNINGS_AS_ERRORS = YES;
				INFOPLIST_FILE = "${PROJECT_DIR}/NY Variant/Info.plist";
				LD_RUNPATH_SEARCH_PATHS = "$(inherited) @executable_path/Frameworks";
				PRODUCT_BUNDLE_IDENTIFIER = "net.magshare.bmlt.NA-Meeting-Finder";
				PRODUCT_NAME = "Quick NA Meeting Finder";
				PROVISIONING_PROFILE_SPECIFIER = "";
				SWIFT_OBJC_BRIDGING_HEADER = "";
				SWIFT_SWIFT3_OBJC_INFERENCE = Default;
				SWIFT_VERSION = 4.0;
			};
			name = Debug;
		};
		770780C41DF86B6100D339D6 /* Release */ = {
			isa = XCBuildConfiguration;
			baseConfigurationReference = AD66FE3C0AA50D09700337D7 /* Pods-Quick NA Meeting Finder.release.xcconfig */;
			buildSettings = {
				ASSETCATALOG_COMPILER_APPICON_NAME = AppIcon;
				"CODE_SIGN_IDENTITY[sdk=iphoneos*]" = "iPhone Developer";
				CODE_SIGN_STYLE = Automatic;
				DEVELOPMENT_TEAM = P53V4JS928;
				FRAMEWORK_SEARCH_PATHS = "$(inherited)";
				GCC_TREAT_WARNINGS_AS_ERRORS = YES;
				INFOPLIST_FILE = "${PROJECT_DIR}/NY Variant/Info.plist";
				LD_RUNPATH_SEARCH_PATHS = "$(inherited) @executable_path/Frameworks";
				PRODUCT_BUNDLE_IDENTIFIER = "net.magshare.bmlt.NA-Meeting-Finder";
				PRODUCT_NAME = "Quick NA Meeting Finder";
				PROVISIONING_PROFILE_SPECIFIER = "";
				SWIFT_OBJC_BRIDGING_HEADER = "";
				SWIFT_SWIFT3_OBJC_INFERENCE = Default;
				SWIFT_VERSION = 4.0;
			};
			name = Release;
		};
/* End XCBuildConfiguration section */

/* Begin XCConfigurationList section */
		770780AB1DF86B6100D339D6 /* Build configuration list for PBXProject "BMLT NA Meeting Finder" */ = {
			isa = XCConfigurationList;
			buildConfigurations = (
				770780C01DF86B6100D339D6 /* Debug */,
				770780C11DF86B6100D339D6 /* Release */,
			);
			defaultConfigurationIsVisible = 0;
			defaultConfigurationName = Release;
		};
		770780C21DF86B6100D339D6 /* Build configuration list for PBXNativeTarget "Quick NA Meeting Finder" */ = {
			isa = XCConfigurationList;
			buildConfigurations = (
				770780C31DF86B6100D339D6 /* Debug */,
				770780C41DF86B6100D339D6 /* Release */,
			);
			defaultConfigurationIsVisible = 0;
			defaultConfigurationName = Release;
		};
/* End XCConfigurationList section */
	};
	rootObject = 770780A81DF86B6100D339D6 /* Project object */;
}
